{
  "requires": true,
  "lockfileVersion": 1,
  "dependencies": {
    "react-native-switch-with-icons": {
      "version": "3.0.1",
      "resolved": "https://registry.npmjs.org/react-native-switch-with-icons/-/react-native-switch-with-icons-3.0.1.tgz",
      "integrity": "sha512-OzhUWNn1RNcaER6TmKD+XeD3cL0xEa/MMHrggTm5WIhiy6q27dThlkFTdelpttAp6HVy1e5+qM1iyFwc+ZHLyA=="
    }
  }
}
